
Microsoft Visual Studio Solution File, Format Version 12.00
Project("{FAE04EC0-301F-11D3-BF4B-00C04F79EFBC}") = "BicepDocs.Cli", "BicepDocs.Cli\BicepDocs.Cli.csproj", "{DCFAFEDF-9C69-4BF7-919A-842EC49B25FC}"
EndProject
Project("{FAE04EC0-301F-11D3-BF4B-00C04F79EFBC}") = "BicepDocs.Core", "BicepDocs.Core\BicepDocs.Core.csproj", "{A68C9862-F5D9-4D5D-B644-202AC99728BE}"
EndProject
Project("{FAE04EC0-301F-11D3-BF4B-00C04F79EFBC}") = "BicepDocs.Formatter.Docusaurus", "BicepDocs.Formatter.Docusaurus\BicepDocs.Formatter.Docusaurus.csproj", "{68BB0CC8-DAEA-4EF1-8380-6597A4C2EE63}"
EndProject
Project("{FAE04EC0-301F-11D3-BF4B-00C04F79EFBC}") = "BicepDocs.Formatter.Markdown", "BicepDocs.Formatter.Markdown\BicepDocs.Formatter.Markdown.csproj", "{4410595E-60F5-4C59-8149-334517556E43}"
EndProject
Project("{2150E333-8FDC-42A3-9474-1A3956D46DE8}") = "Tests", "Tests", "{E367F706-9E68-4431-8FC4-BCC89B1211A9}"
EndProject
Project("{FAE04EC0-301F-11D3-BF4B-00C04F79EFBC}") = "BicepDocs.Core.UnitTests", "BicepDocs.Core.UnitTests\BicepDocs.Core.UnitTests.csproj", "{992E11FE-FD9A-4250-AB60-0EACAC444599}"
EndProject
Project("{FAE04EC0-301F-11D3-BF4B-00C04F79EFBC}") = "BicepDocs.Formatter.Docusaurus.UnitTests", "BicepDocs.Formatter.Docusaurus.UnitTests\BicepDocs.Formatter.Docusaurus.UnitTests.csproj", "{2185B91F-1224-4CF6-9B09-E0C98F392914}"
EndProject
Project("{2150E333-8FDC-42A3-9474-1A3956D46DE8}") = "Formatters", "Formatters", "{5F98E680-B7E6-49AE-9CA8-B99838AE9CBC}"
EndProject
Project("{FAE04EC0-301F-11D3-BF4B-00C04F79EFBC}") = "BicepDocs.Formatter.Markdown.UnitTests", "BicepDocs.Formatter.Markdown.UnitTests\BicepDocs.Formatter.Markdown.UnitTests.csproj", "{B06C5DBB-8DC7-4D46-BC78-B73F5B73AEEF}"
EndProject
Project("{2150E333-8FDC-42A3-9474-1A3956D46DE8}") = "Sources", "Sources", "{4C4A19D1-C386-41CB-A311-0EC767BD4459}"
EndProject
Project("{FAE04EC0-301F-11D3-BF4B-00C04F79EFBC}") = "BicepDocs.Source.FileSystem", "BicepDocs.Source.FileSystem\BicepDocs.Source.FileSystem.csproj", "{5430B82F-50B4-4FA2-9F5D-62619A22B52A}"
EndProject
Project("{FAE04EC0-301F-11D3-BF4B-00C04F79EFBC}") = "BicepDocs.Destination.FileSystem", "BicepDocs.Destination.FileSystem\BicepDocs.Destination.FileSystem.csproj", "{93FA624F-CBFA-42A9-B67C-6BD5D5622B61}"
EndProject
Project("{2150E333-8FDC-42A3-9474-1A3956D46DE8}") = "Destinations", "Destinations", "{DFDAFE46-69A8-4496-A0EC-853B25D95483}"
EndProject
Project("{2150E333-8FDC-42A3-9474-1A3956D46DE8}") = "Sources", "Sources", "{9366B764-82D5-4A3D-A07E-2033188FA920}"
EndProject
Project("{FAE04EC0-301F-11D3-BF4B-00C04F79EFBC}") = "BicepDocs.Source.FileSystem.UnitTests", "BicepDocs.Source.FileSystem.UnitTests\BicepDocs.Source.FileSystem.UnitTests.csproj", "{1927801F-9C40-4F77-88C5-C2BE71FA3B0A}"
EndProject
Project("{2150E333-8FDC-42A3-9474-1A3956D46DE8}") = "Destinations", "Destinations", "{04D258B1-D170-44E3-BD3D-45F510332FB5}"
EndProject
Project("{2150E333-8FDC-42A3-9474-1A3956D46DE8}") = "Formatters", "Formatters", "{F3FA9BF9-FD5F-4A22-B899-64C874E30D7E}"
EndProject
Project("{FAE04EC0-301F-11D3-BF4B-00C04F79EFBC}") = "BicepDocs.Destination.FileSystem.UnitTests", "BicepDocs.Destination.FileSystem.UnitTests\BicepDocs.Destination.FileSystem.UnitTests.csproj", "{6E79DB5B-A09C-4D01-B6C0-FE0F66FC91ED}"
EndProject
Global
	GlobalSection(SolutionConfigurationPlatforms) = preSolution
		Debug|Any CPU = Debug|Any CPU
		Release|Any CPU = Release|Any CPU
	EndGlobalSection
	GlobalSection(ProjectConfigurationPlatforms) = postSolution
		{DCFAFEDF-9C69-4BF7-919A-842EC49B25FC}.Debug|Any CPU.ActiveCfg = Debug|Any CPU
		{DCFAFEDF-9C69-4BF7-919A-842EC49B25FC}.Debug|Any CPU.Build.0 = Debug|Any CPU
		{DCFAFEDF-9C69-4BF7-919A-842EC49B25FC}.Release|Any CPU.ActiveCfg = Release|Any CPU
		{DCFAFEDF-9C69-4BF7-919A-842EC49B25FC}.Release|Any CPU.Build.0 = Release|Any CPU
		{A68C9862-F5D9-4D5D-B644-202AC99728BE}.Debug|Any CPU.ActiveCfg = Debug|Any CPU
		{A68C9862-F5D9-4D5D-B644-202AC99728BE}.Debug|Any CPU.Build.0 = Debug|Any CPU
		{A68C9862-F5D9-4D5D-B644-202AC99728BE}.Release|Any CPU.ActiveCfg = Release|Any CPU
		{A68C9862-F5D9-4D5D-B644-202AC99728BE}.Release|Any CPU.Build.0 = Release|Any CPU
		{68BB0CC8-DAEA-4EF1-8380-6597A4C2EE63}.Debug|Any CPU.ActiveCfg = Debug|Any CPU
		{68BB0CC8-DAEA-4EF1-8380-6597A4C2EE63}.Debug|Any CPU.Build.0 = Debug|Any CPU
		{68BB0CC8-DAEA-4EF1-8380-6597A4C2EE63}.Release|Any CPU.ActiveCfg = Release|Any CPU
		{68BB0CC8-DAEA-4EF1-8380-6597A4C2EE63}.Release|Any CPU.Build.0 = Release|Any CPU
		{4410595E-60F5-4C59-8149-334517556E43}.Debug|Any CPU.ActiveCfg = Debug|Any CPU
		{4410595E-60F5-4C59-8149-334517556E43}.Debug|Any CPU.Build.0 = Debug|Any CPU
		{4410595E-60F5-4C59-8149-334517556E43}.Release|Any CPU.ActiveCfg = Release|Any CPU
		{4410595E-60F5-4C59-8149-334517556E43}.Release|Any CPU.Build.0 = Release|Any CPU
		{992E11FE-FD9A-4250-AB60-0EACAC444599}.Debug|Any CPU.ActiveCfg = Debug|Any CPU
		{992E11FE-FD9A-4250-AB60-0EACAC444599}.Debug|Any CPU.Build.0 = Debug|Any CPU
		{992E11FE-FD9A-4250-AB60-0EACAC444599}.Release|Any CPU.ActiveCfg = Release|Any CPU
		{992E11FE-FD9A-4250-AB60-0EACAC444599}.Release|Any CPU.Build.0 = Release|Any CPU
		{2185B91F-1224-4CF6-9B09-E0C98F392914}.Debug|Any CPU.ActiveCfg = Debug|Any CPU
		{2185B91F-1224-4CF6-9B09-E0C98F392914}.Debug|Any CPU.Build.0 = Debug|Any CPU
		{2185B91F-1224-4CF6-9B09-E0C98F392914}.Release|Any CPU.ActiveCfg = Release|Any CPU
		{2185B91F-1224-4CF6-9B09-E0C98F392914}.Release|Any CPU.Build.0 = Release|Any CPU
		{B06C5DBB-8DC7-4D46-BC78-B73F5B73AEEF}.Debug|Any CPU.ActiveCfg = Debug|Any CPU
		{B06C5DBB-8DC7-4D46-BC78-B73F5B73AEEF}.Debug|Any CPU.Build.0 = Debug|Any CPU
		{B06C5DBB-8DC7-4D46-BC78-B73F5B73AEEF}.Release|Any CPU.ActiveCfg = Release|Any CPU
		{B06C5DBB-8DC7-4D46-BC78-B73F5B73AEEF}.Release|Any CPU.Build.0 = Release|Any CPU
		{5430B82F-50B4-4FA2-9F5D-62619A22B52A}.Debug|Any CPU.ActiveCfg = Debug|Any CPU
		{5430B82F-50B4-4FA2-9F5D-62619A22B52A}.Debug|Any CPU.Build.0 = Debug|Any CPU
		{5430B82F-50B4-4FA2-9F5D-62619A22B52A}.Release|Any CPU.ActiveCfg = Release|Any CPU
		{5430B82F-50B4-4FA2-9F5D-62619A22B52A}.Release|Any CPU.Build.0 = Release|Any CPU
		{93FA624F-CBFA-42A9-B67C-6BD5D5622B61}.Debug|Any CPU.ActiveCfg = Debug|Any CPU
		{93FA624F-CBFA-42A9-B67C-6BD5D5622B61}.Debug|Any CPU.Build.0 = Debug|Any CPU
		{93FA624F-CBFA-42A9-B67C-6BD5D5622B61}.Release|Any CPU.ActiveCfg = Release|Any CPU
		{93FA624F-CBFA-42A9-B67C-6BD5D5622B61}.Release|Any CPU.Build.0 = Release|Any CPU
		{1927801F-9C40-4F77-88C5-C2BE71FA3B0A}.Debug|Any CPU.ActiveCfg = Debug|Any CPU
		{1927801F-9C40-4F77-88C5-C2BE71FA3B0A}.Debug|Any CPU.Build.0 = Debug|Any CPU
		{1927801F-9C40-4F77-88C5-C2BE71FA3B0A}.Release|Any CPU.ActiveCfg = Release|Any CPU
		{1927801F-9C40-4F77-88C5-C2BE71FA3B0A}.Release|Any CPU.Build.0 = Release|Any CPU
		{6E79DB5B-A09C-4D01-B6C0-FE0F66FC91ED}.Debug|Any CPU.ActiveCfg = Debug|Any CPU
		{6E79DB5B-A09C-4D01-B6C0-FE0F66FC91ED}.Debug|Any CPU.Build.0 = Debug|Any CPU
		{6E79DB5B-A09C-4D01-B6C0-FE0F66FC91ED}.Release|Any CPU.ActiveCfg = Release|Any CPU
		{6E79DB5B-A09C-4D01-B6C0-FE0F66FC91ED}.Release|Any CPU.Build.0 = Release|Any CPU
	EndGlobalSection
	GlobalSection(NestedProjects) = preSolution
		{992E11FE-FD9A-4250-AB60-0EACAC444599} = {E367F706-9E68-4431-8FC4-BCC89B1211A9}
		{68BB0CC8-DAEA-4EF1-8380-6597A4C2EE63} = {5F98E680-B7E6-49AE-9CA8-B99838AE9CBC}
		{4410595E-60F5-4C59-8149-334517556E43} = {5F98E680-B7E6-49AE-9CA8-B99838AE9CBC}
		{5430B82F-50B4-4FA2-9F5D-62619A22B52A} = {4C4A19D1-C386-41CB-A311-0EC767BD4459}
		{93FA624F-CBFA-42A9-B67C-6BD5D5622B61} = {DFDAFE46-69A8-4496-A0EC-853B25D95483}
		{9366B764-82D5-4A3D-A07E-2033188FA920} = {E367F706-9E68-4431-8FC4-BCC89B1211A9}
		{1927801F-9C40-4F77-88C5-C2BE71FA3B0A} = {9366B764-82D5-4A3D-A07E-2033188FA920}
		{04D258B1-D170-44E3-BD3D-45F510332FB5} = {E367F706-9E68-4431-8FC4-BCC89B1211A9}
		{F3FA9BF9-FD5F-4A22-B899-64C874E30D7E} = {E367F706-9E68-4431-8FC4-BCC89B1211A9}
		{6E79DB5B-A09C-4D01-B6C0-FE0F66FC91ED} = {04D258B1-D170-44E3-BD3D-45F510332FB5}
		{2185B91F-1224-4CF6-9B09-E0C98F392914} = {F3FA9BF9-FD5F-4A22-B899-64C874E30D7E}
		{B06C5DBB-8DC7-4D46-BC78-B73F5B73AEEF} = {F3FA9BF9-FD5F-4A22-B899-64C874E30D7E}
	EndGlobalSection
EndGlobal
